
Microsoft Visual Studio Solution File, Format Version 12.00
# Visual Studio Version 17
VisualStudioVersion = 17.11.35222.181
MinimumVisualStudioVersion = 10.0.40219.1
Project("{FAE04EC0-301F-11D3-BF4B-00C04F79EFBC}") = "ProjektCsharp", "ProjektCsharp\ProjektCsharp.csproj", "{8DF005AA-0F89-4CB8-A588-D66F84A633D1}"
EndProject
Global
	GlobalSection(SolutionConfigurationPlatforms) = preSolution
		Debug|Any CPU = Debug|Any CPU
		Release|Any CPU = Release|Any CPU
	EndGlobalSection
	GlobalSection(ProjectConfigurationPlatforms) = postSolution
		{8DF005AA-0F89-4CB8-A588-D66F84A633D1}.Debug|Any CPU.ActiveCfg = Debug|Any CPU
		{8DF005AA-0F89-4CB8-A588-D66F84A633D1}.Debug|Any CPU.Build.0 = Debug|Any CPU
		{8DF005AA-0F89-4CB8-A588-D66F84A633D1}.Release|Any CPU.ActiveCfg = Release|Any CPU
		{8DF005AA-0F89-4CB8-A588-D66F84A633D1}.Release|Any CPU.Build.0 = Release|Any CPU
	EndGlobalSection
	GlobalSection(SolutionProperties) = preSolution
		HideSolutionNode = FALSE
	EndGlobalSection
	GlobalSection(ExtensibilityGlobals) = postSolution
		SolutionGuid = {B03C46F0-07B5-4453-8571-D6A6E9E5F22C}
	EndGlobalSection
EndGlobal
